// !$*UTF8*$!
{
	archiveVersion = 1;
	classes = {
	};
	objectVersion = 50;
	objects = {

/* Begin PBXBuildFile section */
		0293A9FB2261056D00E4B39A /* AppDelegate.swift in Sources */ = {isa = PBXBuildFile; fileRef = 0293A9FA2261056D00E4B39A /* AppDelegate.swift */; };
		0293AA002261056D00E4B39A /* Main.storyboard in Resources */ = {isa = PBXBuildFile; fileRef = 0293A9FE2261056D00E4B39A /* Main.storyboard */; };
		0293AA022261057000E4B39A /* Assets.xcassets in Resources */ = {isa = PBXBuildFile; fileRef = 0293AA012261057000E4B39A /* Assets.xcassets */; };
		0293AA052261057000E4B39A /* LaunchScreen.storyboard in Resources */ = {isa = PBXBuildFile; fileRef = 0293AA032261057000E4B39A /* LaunchScreen.storyboard */; };
		0293AA102261057000E4B39A /* MVVMExampleTests.swift in Sources */ = {isa = PBXBuildFile; fileRef = 0293AA0F2261057000E4B39A /* MVVMExampleTests.swift */; };
		0293AA1B2261057000E4B39A /* MVVMExampleUITests.swift in Sources */ = {isa = PBXBuildFile; fileRef = 0293AA1A2261057000E4B39A /* MVVMExampleUITests.swift */; };
		0293AA3022610AA700E4B39A /* Reach.swift in Sources */ = {isa = PBXBuildFile; fileRef = 0293AA2E22610AA700E4B39A /* Reach.swift */; };
		0293AA4122610C8800E4B39A /* TopAppsListServiceProtocol.swift in Sources */ = {isa = PBXBuildFile; fileRef = 0293AA3822610C8800E4B39A /* TopAppsListServiceProtocol.swift */; };
		0293AA4222610C8800E4B39A /* TopAppsListModel.swift in Sources */ = {isa = PBXBuildFile; fileRef = 0293AA3A22610C8800E4B39A /* TopAppsListModel.swift */; };
		0293AA4322610C8800E4B39A /* TopAppsListView.swift in Sources */ = {isa = PBXBuildFile; fileRef = 0293AA3C22610C8800E4B39A /* TopAppsListView.swift */; };
		0293AA4422610C8800E4B39A /* TopAppsListService.swift in Sources */ = {isa = PBXBuildFile; fileRef = 0293AA3E22610C8800E4B39A /* TopAppsListService.swift */; };
		0293AA4522610C8800E4B39A /* TopAppsListViewModel.swift in Sources */ = {isa = PBXBuildFile; fileRef = 0293AA4022610C8800E4B39A /* TopAppsListViewModel.swift */; };
		0293AA47226110BE00E4B39A /* Feed.swift in Sources */ = {isa = PBXBuildFile; fileRef = 0293AA46226110BE00E4B39A /* Feed.swift */; };
		0293AA49226110DC00E4B39A /* Author.swift in Sources */ = {isa = PBXBuildFile; fileRef = 0293AA48226110DC00E4B39A /* Author.swift */; };
		0293AA4B226110EE00E4B39A /* GeneralDataContainer.swift in Sources */ = {isa = PBXBuildFile; fileRef = 0293AA4A226110EE00E4B39A /* GeneralDataContainer.swift */; };
		0293AA4D226110FE00E4B39A /* Entry.swift in Sources */ = {isa = PBXBuildFile; fileRef = 0293AA4C226110FE00E4B39A /* Entry.swift */; };
		0293AA4F2261111B00E4B39A /* Category.swift in Sources */ = {isa = PBXBuildFile; fileRef = 0293AA4E2261111B00E4B39A /* Category.swift */; };
		0293AA512261113C00E4B39A /* ID.swift in Sources */ = {isa = PBXBuildFile; fileRef = 0293AA502261113C00E4B39A /* ID.swift */; };
		0293AA532261119300E4B39A /* Price.swift in Sources */ = {isa = PBXBuildFile; fileRef = 0293AA522261119300E4B39A /* Price.swift */; };
		0293AA55226111A600E4B39A /* Link.swift in Sources */ = {isa = PBXBuildFile; fileRef = 0293AA54226111A600E4B39A /* Link.swift */; };
		0293AA572261161000E4B39A /* AlertViewControllerProtocol.swift in Sources */ = {isa = PBXBuildFile; fileRef = 0293AA562261161000E4B39A /* AlertViewControllerProtocol.swift */; };
		0293AA5A226119B400E4B39A /* AppCollectionViewCell.xib in Resources */ = {isa = PBXBuildFile; fileRef = 0293AA59226119B400E4B39A /* AppCollectionViewCell.xib */; };
		0293AA5C22611A4000E4B39A /* AppCollectionViewCell.swift in Sources */ = {isa = PBXBuildFile; fileRef = 0293AA5B22611A4000E4B39A /* AppCollectionViewCell.swift */; };
		0293AA7E22613D7D00E4B39A /* AppDetailsServiceProtocol.swift in Sources */ = {isa = PBXBuildFile; fileRef = 0293AA7522613D7D00E4B39A /* AppDetailsServiceProtocol.swift */; };
		0293AA8022613D7D00E4B39A /* AppDetailsView.swift in Sources */ = {isa = PBXBuildFile; fileRef = 0293AA7922613D7D00E4B39A /* AppDetailsView.swift */; };
		0293AA8122613D7D00E4B39A /* AppDetailsService.swift in Sources */ = {isa = PBXBuildFile; fileRef = 0293AA7B22613D7D00E4B39A /* AppDetailsService.swift */; };
		0293AA8222613D7D00E4B39A /* AppDetailsViewModel.swift in Sources */ = {isa = PBXBuildFile; fileRef = 0293AA7D22613D7D00E4B39A /* AppDetailsViewModel.swift */; };
		0293AA852261452800E4B39A /* AppDetailsHeaderCell.swift in Sources */ = {isa = PBXBuildFile; fileRef = 0293AA842261452800E4B39A /* AppDetailsHeaderCell.swift */; };
		0293AA872261457C00E4B39A /* AppDetailsSummaryCell.swift in Sources */ = {isa = PBXBuildFile; fileRef = 0293AA862261457C00E4B39A /* AppDetailsSummaryCell.swift */; };
		0293AA89226145D100E4B39A /* AppDetailsShowCell.swift in Sources */ = {isa = PBXBuildFile; fileRef = 0293AA88226145D100E4B39A /* AppDetailsShowCell.swift */; };
		0293AA8B2261B0F000E4B39A /* BaseCellViewModel.swift in Sources */ = {isa = PBXBuildFile; fileRef = 0293AA8A2261B0F000E4B39A /* BaseCellViewModel.swift */; };
		4732A7283B1C20AE69A59C20 /* Pods_MVVMExample.framework in Frameworks */ = {isa = PBXBuildFile; fileRef = FFC70DBC6D28934647E835AD /* Pods_MVVMExample.framework */; };
		6587263A53F8CABB28B37A24 /* Pods_MVVMExampleUITests.framework in Frameworks */ = {isa = PBXBuildFile; fileRef = 3B972FC13DB1173AA9FE86F4 /* Pods_MVVMExampleUITests.framework */; };
		A0A24D02A6C2F6A3F8692A08 /* Pods_MVVMExampleTests.framework in Frameworks */ = {isa = PBXBuildFile; fileRef = 70D5AD0F6A52C1128C7A6644 /* Pods_MVVMExampleTests.framework */; };
/* End PBXBuildFile section */

/* Begin PBXContainerItemProxy section */
		0293AA0C2261057000E4B39A /* PBXContainerItemProxy */ = {
			isa = PBXContainerItemProxy;
			containerPortal = 0293A9EF2261056D00E4B39A /* Project object */;
			proxyType = 1;
			remoteGlobalIDString = 0293A9F62261056D00E4B39A;
			remoteInfo = MVVMExample;
		};
		0293AA172261057000E4B39A /* PBXContainerItemProxy */ = {
			isa = PBXContainerItemProxy;
			containerPortal = 0293A9EF2261056D00E4B39A /* Project object */;
			proxyType = 1;
			remoteGlobalIDString = 0293A9F62261056D00E4B39A;
			remoteInfo = MVVMExample;
		};
/* End PBXContainerItemProxy section */

/* Begin PBXFileReference section */
		0293A9F72261056D00E4B39A /* MVVMExample.app */ = {isa = PBXFileReference; explicitFileType = wrapper.application; includeInIndex = 0; path = MVVMExample.app; sourceTree = BUILT_PRODUCTS_DIR; };
		0293A9FA2261056D00E4B39A /* AppDelegate.swift */ = {isa = PBXFileReference; lastKnownFileType = sourcecode.swift; path = AppDelegate.swift; sourceTree = "<group>"; };
		0293A9FF2261056D00E4B39A /* Base */ = {isa = PBXFileReference; lastKnownFileType = file.storyboard; name = Base; path = Base.lproj/Main.storyboard; sourceTree = "<group>"; };
		0293AA012261057000E4B39A /* Assets.xcassets */ = {isa = PBXFileReference; lastKnownFileType = folder.assetcatalog; path = Assets.xcassets; sourceTree = "<group>"; };
		0293AA042261057000E4B39A /* Base */ = {isa = PBXFileReference; lastKnownFileType = file.storyboard; name = Base; path = Base.lproj/LaunchScreen.storyboard; sourceTree = "<group>"; };
		0293AA062261057000E4B39A /* Info.plist */ = {isa = PBXFileReference; lastKnownFileType = text.plist.xml; path = Info.plist; sourceTree = "<group>"; };
		0293AA0B2261057000E4B39A /* MVVMExampleTests.xctest */ = {isa = PBXFileReference; explicitFileType = wrapper.cfbundle; includeInIndex = 0; path = MVVMExampleTests.xctest; sourceTree = BUILT_PRODUCTS_DIR; };
		0293AA0F2261057000E4B39A /* MVVMExampleTests.swift */ = {isa = PBXFileReference; lastKnownFileType = sourcecode.swift; path = MVVMExampleTests.swift; sourceTree = "<group>"; };
		0293AA112261057000E4B39A /* Info.plist */ = {isa = PBXFileReference; lastKnownFileType = text.plist.xml; path = Info.plist; sourceTree = "<group>"; };
		0293AA162261057000E4B39A /* MVVMExampleUITests.xctest */ = {isa = PBXFileReference; explicitFileType = wrapper.cfbundle; includeInIndex = 0; path = MVVMExampleUITests.xctest; sourceTree = BUILT_PRODUCTS_DIR; };
		0293AA1A2261057000E4B39A /* MVVMExampleUITests.swift */ = {isa = PBXFileReference; lastKnownFileType = sourcecode.swift; path = MVVMExampleUITests.swift; sourceTree = "<group>"; };
		0293AA1C2261057000E4B39A /* Info.plist */ = {isa = PBXFileReference; lastKnownFileType = text.plist.xml; path = Info.plist; sourceTree = "<group>"; };
		0293AA2E22610AA700E4B39A /* Reach.swift */ = {isa = PBXFileReference; fileEncoding = 4; lastKnownFileType = sourcecode.swift; path = Reach.swift; sourceTree = "<group>"; };
		0293AA3822610C8800E4B39A /* TopAppsListServiceProtocol.swift */ = {isa = PBXFileReference; fileEncoding = 4; lastKnownFileType = sourcecode.swift; path = TopAppsListServiceProtocol.swift; sourceTree = "<group>"; };
		0293AA3A22610C8800E4B39A /* TopAppsListModel.swift */ = {isa = PBXFileReference; fileEncoding = 4; lastKnownFileType = sourcecode.swift; path = TopAppsListModel.swift; sourceTree = "<group>"; };
		0293AA3C22610C8800E4B39A /* TopAppsListView.swift */ = {isa = PBXFileReference; fileEncoding = 4; lastKnownFileType = sourcecode.swift; path = TopAppsListView.swift; sourceTree = "<group>"; };
		0293AA3E22610C8800E4B39A /* TopAppsListService.swift */ = {isa = PBXFileReference; fileEncoding = 4; lastKnownFileType = sourcecode.swift; path = TopAppsListService.swift; sourceTree = "<group>"; };
		0293AA4022610C8800E4B39A /* TopAppsListViewModel.swift */ = {isa = PBXFileReference; fileEncoding = 4; lastKnownFileType = sourcecode.swift; path = TopAppsListViewModel.swift; sourceTree = "<group>"; };
		0293AA46226110BE00E4B39A /* Feed.swift */ = {isa = PBXFileReference; lastKnownFileType = sourcecode.swift; path = Feed.swift; sourceTree = "<group>"; };
		0293AA48226110DC00E4B39A /* Author.swift */ = {isa = PBXFileReference; lastKnownFileType = sourcecode.swift; path = Author.swift; sourceTree = "<group>"; };
		0293AA4A226110EE00E4B39A /* GeneralDataContainer.swift */ = {isa = PBXFileReference; lastKnownFileType = sourcecode.swift; path = GeneralDataContainer.swift; sourceTree = "<group>"; };
		0293AA4C226110FE00E4B39A /* Entry.swift */ = {isa = PBXFileReference; lastKnownFileType = sourcecode.swift; path = Entry.swift; sourceTree = "<group>"; };
		0293AA4E2261111B00E4B39A /* Category.swift */ = {isa = PBXFileReference; lastKnownFileType = sourcecode.swift; path = Category.swift; sourceTree = "<group>"; };
		0293AA502261113C00E4B39A /* ID.swift */ = {isa = PBXFileReference; lastKnownFileType = sourcecode.swift; path = ID.swift; sourceTree = "<group>"; };
		0293AA522261119300E4B39A /* Price.swift */ = {isa = PBXFileReference; lastKnownFileType = sourcecode.swift; path = Price.swift; sourceTree = "<group>"; };
		0293AA54226111A600E4B39A /* Link.swift */ = {isa = PBXFileReference; lastKnownFileType = sourcecode.swift; path = Link.swift; sourceTree = "<group>"; };
		0293AA562261161000E4B39A /* AlertViewControllerProtocol.swift */ = {isa = PBXFileReference; lastKnownFileType = sourcecode.swift; path = AlertViewControllerProtocol.swift; sourceTree = "<group>"; };
		0293AA59226119B400E4B39A /* AppCollectionViewCell.xib */ = {isa = PBXFileReference; lastKnownFileType = file.xib; path = AppCollectionViewCell.xib; sourceTree = "<group>"; };
		0293AA5B22611A4000E4B39A /* AppCollectionViewCell.swift */ = {isa = PBXFileReference; lastKnownFileType = sourcecode.swift; path = AppCollectionViewCell.swift; sourceTree = "<group>"; };
		0293AA7522613D7D00E4B39A /* AppDetailsServiceProtocol.swift */ = {isa = PBXFileReference; fileEncoding = 4; lastKnownFileType = sourcecode.swift; path = AppDetailsServiceProtocol.swift; sourceTree = "<group>"; };
		0293AA7922613D7D00E4B39A /* AppDetailsView.swift */ = {isa = PBXFileReference; fileEncoding = 4; lastKnownFileType = sourcecode.swift; path = AppDetailsView.swift; sourceTree = "<group>"; };
		0293AA7B22613D7D00E4B39A /* AppDetailsService.swift */ = {isa = PBXFileReference; fileEncoding = 4; lastKnownFileType = sourcecode.swift; path = AppDetailsService.swift; sourceTree = "<group>"; };
		0293AA7D22613D7D00E4B39A /* AppDetailsViewModel.swift */ = {isa = PBXFileReference; fileEncoding = 4; lastKnownFileType = sourcecode.swift; path = AppDetailsViewModel.swift; sourceTree = "<group>"; };
		0293AA842261452800E4B39A /* AppDetailsHeaderCell.swift */ = {isa = PBXFileReference; lastKnownFileType = sourcecode.swift; path = AppDetailsHeaderCell.swift; sourceTree = "<group>"; };
		0293AA862261457C00E4B39A /* AppDetailsSummaryCell.swift */ = {isa = PBXFileReference; lastKnownFileType = sourcecode.swift; path = AppDetailsSummaryCell.swift; sourceTree = "<group>"; };
		0293AA88226145D100E4B39A /* AppDetailsShowCell.swift */ = {isa = PBXFileReference; lastKnownFileType = sourcecode.swift; path = AppDetailsShowCell.swift; sourceTree = "<group>"; };
		0293AA8A2261B0F000E4B39A /* BaseCellViewModel.swift */ = {isa = PBXFileReference; lastKnownFileType = sourcecode.swift; path = BaseCellViewModel.swift; sourceTree = "<group>"; };
		0AF724CB7633F19ACF683A18 /* Pods-MVVMExample.release.xcconfig */ = {isa = PBXFileReference; includeInIndex = 1; lastKnownFileType = text.xcconfig; name = "Pods-MVVMExample.release.xcconfig"; path = "Target Support Files/Pods-MVVMExample/Pods-MVVMExample.release.xcconfig"; sourceTree = "<group>"; };
		22715E57D5AC3A1E8E8EB802 /* Pods-MVVMExampleUITests.release.xcconfig */ = {isa = PBXFileReference; includeInIndex = 1; lastKnownFileType = text.xcconfig; name = "Pods-MVVMExampleUITests.release.xcconfig"; path = "Target Support Files/Pods-MVVMExampleUITests/Pods-MVVMExampleUITests.release.xcconfig"; sourceTree = "<group>"; };
		3B972FC13DB1173AA9FE86F4 /* Pods_MVVMExampleUITests.framework */ = {isa = PBXFileReference; explicitFileType = wrapper.framework; includeInIndex = 0; path = Pods_MVVMExampleUITests.framework; sourceTree = BUILT_PRODUCTS_DIR; };
		451EC0742ED16B42EA2C9A81 /* Pods-MVVMExampleTests.debug.xcconfig */ = {isa = PBXFileReference; includeInIndex = 1; lastKnownFileType = text.xcconfig; name = "Pods-MVVMExampleTests.debug.xcconfig"; path = "Target Support Files/Pods-MVVMExampleTests/Pods-MVVMExampleTests.debug.xcconfig"; sourceTree = "<group>"; };
		70D5AD0F6A52C1128C7A6644 /* Pods_MVVMExampleTests.framework */ = {isa = PBXFileReference; explicitFileType = wrapper.framework; includeInIndex = 0; path = Pods_MVVMExampleTests.framework; sourceTree = BUILT_PRODUCTS_DIR; };
		C9CEBA422C5B16DBF660781F /* Pods-MVVMExampleTests.release.xcconfig */ = {isa = PBXFileReference; includeInIndex = 1; lastKnownFileType = text.xcconfig; name = "Pods-MVVMExampleTests.release.xcconfig"; path = "Target Support Files/Pods-MVVMExampleTests/Pods-MVVMExampleTests.release.xcconfig"; sourceTree = "<group>"; };
		D9E2E2A203AC636120784ABD /* Pods-MVVMExampleUITests.debug.xcconfig */ = {isa = PBXFileReference; includeInIndex = 1; lastKnownFileType = text.xcconfig; name = "Pods-MVVMExampleUITests.debug.xcconfig"; path = "Target Support Files/Pods-MVVMExampleUITests/Pods-MVVMExampleUITests.debug.xcconfig"; sourceTree = "<group>"; };
		DF8619F20A62B0E0E493E8ED /* Pods-MVVMExample.debug.xcconfig */ = {isa = PBXFileReference; includeInIndex = 1; lastKnownFileType = text.xcconfig; name = "Pods-MVVMExample.debug.xcconfig"; path = "Target Support Files/Pods-MVVMExample/Pods-MVVMExample.debug.xcconfig"; sourceTree = "<group>"; };
		FFC70DBC6D28934647E835AD /* Pods_MVVMExample.framework */ = {isa = PBXFileReference; explicitFileType = wrapper.framework; includeInIndex = 0; path = Pods_MVVMExample.framework; sourceTree = BUILT_PRODUCTS_DIR; };
/* End PBXFileReference section */

/* Begin PBXFrameworksBuildPhase section */
		0293A9F42261056D00E4B39A /* Frameworks */ = {
			isa = PBXFrameworksBuildPhase;
			buildActionMask = 2147483647;
			files = (
				4732A7283B1C20AE69A59C20 /* Pods_MVVMExample.framework in Frameworks */,
			);
			runOnlyForDeploymentPostprocessing = 0;
		};
		0293AA082261057000E4B39A /* Frameworks */ = {
			isa = PBXFrameworksBuildPhase;
			buildActionMask = 2147483647;
			files = (
				A0A24D02A6C2F6A3F8692A08 /* Pods_MVVMExampleTests.framework in Frameworks */,
			);
			runOnlyForDeploymentPostprocessing = 0;
		};
		0293AA132261057000E4B39A /* Frameworks */ = {
			isa = PBXFrameworksBuildPhase;
			buildActionMask = 2147483647;
			files = (
				6587263A53F8CABB28B37A24 /* Pods_MVVMExampleUITests.framework in Frameworks */,
			);
			runOnlyForDeploymentPostprocessing = 0;
		};
/* End PBXFrameworksBuildPhase section */

/* Begin PBXGroup section */
		0293A9EE2261056D00E4B39A = {
			isa = PBXGroup;
			children = (
				0293A9F92261056D00E4B39A /* MVVMExample */,
				0293AA0E2261057000E4B39A /* MVVMExampleTests */,
				0293AA192261057000E4B39A /* MVVMExampleUITests */,
				0293A9F82261056D00E4B39A /* Products */,
				ACAB7101AFB17022C0A60082 /* Pods */,
				7745939932AE0879FE263D3A /* Frameworks */,
			);
			sourceTree = "<group>";
		};
		0293A9F82261056D00E4B39A /* Products */ = {
			isa = PBXGroup;
			children = (
				0293A9F72261056D00E4B39A /* MVVMExample.app */,
				0293AA0B2261057000E4B39A /* MVVMExampleTests.xctest */,
				0293AA162261057000E4B39A /* MVVMExampleUITests.xctest */,
			);
			name = Products;
			sourceTree = "<group>";
		};
		0293A9F92261056D00E4B39A /* MVVMExample */ = {
			isa = PBXGroup;
			children = (
				0293AA2822610A6400E4B39A /* Helpers */,
				0293AA3322610C4300E4B39A /* Modules */,
				0293A9FA2261056D00E4B39A /* AppDelegate.swift */,
				0293A9FE2261056D00E4B39A /* Main.storyboard */,
				0293AA012261057000E4B39A /* Assets.xcassets */,
				0293AA032261057000E4B39A /* LaunchScreen.storyboard */,
				0293AA062261057000E4B39A /* Info.plist */,
			);
			path = MVVMExample;
			sourceTree = "<group>";
		};
		0293AA0E2261057000E4B39A /* MVVMExampleTests */ = {
			isa = PBXGroup;
			children = (
				0293AA0F2261057000E4B39A /* MVVMExampleTests.swift */,
				0293AA112261057000E4B39A /* Info.plist */,
			);
			path = MVVMExampleTests;
			sourceTree = "<group>";
		};
		0293AA192261057000E4B39A /* MVVMExampleUITests */ = {
			isa = PBXGroup;
			children = (
				0293AA1A2261057000E4B39A /* MVVMExampleUITests.swift */,
				0293AA1C2261057000E4B39A /* Info.plist */,
			);
			path = MVVMExampleUITests;
			sourceTree = "<group>";
		};
		0293AA2822610A6400E4B39A /* Helpers */ = {
			isa = PBXGroup;
			children = (
				0293AA2E22610AA700E4B39A /* Reach.swift */,
				0293AA562261161000E4B39A /* AlertViewControllerProtocol.swift */,
			);
			path = Helpers;
			sourceTree = "<group>";
		};
		0293AA3322610C4300E4B39A /* Modules */ = {
			isa = PBXGroup;
			children = (
				0293AA7322613D7D00E4B39A /* AppDetails */,
				0293AA3622610C8800E4B39A /* TopAppsList */,
			);
			path = Modules;
			sourceTree = "<group>";
		};
		0293AA3622610C8800E4B39A /* TopAppsList */ = {
			isa = PBXGroup;
			children = (
				0293AA3722610C8800E4B39A /* Protocol */,
				0293AA3922610C8800E4B39A /* Model */,
				0293AA3B22610C8800E4B39A /* View */,
				0293AA3D22610C8800E4B39A /* Service */,
				0293AA3F22610C8800E4B39A /* View Model */,
			);
			path = TopAppsList;
			sourceTree = "<group>";
		};
		0293AA3722610C8800E4B39A /* Protocol */ = {
			isa = PBXGroup;
			children = (
				0293AA3822610C8800E4B39A /* TopAppsListServiceProtocol.swift */,
			);
			path = Protocol;
			sourceTree = "<group>";
		};
		0293AA3922610C8800E4B39A /* Model */ = {
			isa = PBXGroup;
			children = (
				0293AA3A22610C8800E4B39A /* TopAppsListModel.swift */,
				0293AA46226110BE00E4B39A /* Feed.swift */,
				0293AA48226110DC00E4B39A /* Author.swift */,
				0293AA4A226110EE00E4B39A /* GeneralDataContainer.swift */,
				0293AA4C226110FE00E4B39A /* Entry.swift */,
				0293AA4E2261111B00E4B39A /* Category.swift */,
				0293AA502261113C00E4B39A /* ID.swift */,
				0293AA522261119300E4B39A /* Price.swift */,
				0293AA54226111A600E4B39A /* Link.swift */,
			);
			path = Model;
			sourceTree = "<group>";
		};
		0293AA3B22610C8800E4B39A /* View */ = {
			isa = PBXGroup;
			children = (
				0293AA58226119A600E4B39A /* Cells */,
				0293AA3C22610C8800E4B39A /* TopAppsListView.swift */,
			);
			path = View;
			sourceTree = "<group>";
		};
		0293AA3D22610C8800E4B39A /* Service */ = {
			isa = PBXGroup;
			children = (
				0293AA3E22610C8800E4B39A /* TopAppsListService.swift */,
			);
			path = Service;
			sourceTree = "<group>";
		};
		0293AA3F22610C8800E4B39A /* View Model */ = {
			isa = PBXGroup;
			children = (
				0293AA4022610C8800E4B39A /* TopAppsListViewModel.swift */,
			);
			path = "View Model";
			sourceTree = "<group>";
		};
		0293AA58226119A600E4B39A /* Cells */ = {
			isa = PBXGroup;
			children = (
				0293AA59226119B400E4B39A /* AppCollectionViewCell.xib */,
				0293AA5B22611A4000E4B39A /* AppCollectionViewCell.swift */,
			);
			path = Cells;
			sourceTree = "<group>";
		};
		0293AA7322613D7D00E4B39A /* AppDetails */ = {
			isa = PBXGroup;
			children = (
				0293AA7422613D7D00E4B39A /* Protocol */,
				0293AA7822613D7D00E4B39A /* View */,
				0293AA7A22613D7D00E4B39A /* Service */,
				0293AA7C22613D7D00E4B39A /* View Model */,
			);
			path = AppDetails;
			sourceTree = "<group>";
		};
		0293AA7422613D7D00E4B39A /* Protocol */ = {
			isa = PBXGroup;
			children = (
				0293AA7522613D7D00E4B39A /* AppDetailsServiceProtocol.swift */,
			);
			path = Protocol;
			sourceTree = "<group>";
		};
		0293AA7822613D7D00E4B39A /* View */ = {
			isa = PBXGroup;
			children = (
				0293AA832261450D00E4B39A /* Cell */,
				0293AA7922613D7D00E4B39A /* AppDetailsView.swift */,
			);
			path = View;
			sourceTree = "<group>";
		};
		0293AA7A22613D7D00E4B39A /* Service */ = {
			isa = PBXGroup;
			children = (
				0293AA7B22613D7D00E4B39A /* AppDetailsService.swift */,
			);
			path = Service;
			sourceTree = "<group>";
		};
		0293AA7C22613D7D00E4B39A /* View Model */ = {
			isa = PBXGroup;
			children = (
				0293AA7D22613D7D00E4B39A /* AppDetailsViewModel.swift */,
			);
			path = "View Model";
			sourceTree = "<group>";
		};
		0293AA832261450D00E4B39A /* Cell */ = {
			isa = PBXGroup;
			children = (
				0293AA842261452800E4B39A /* AppDetailsHeaderCell.swift */,
				0293AA862261457C00E4B39A /* AppDetailsSummaryCell.swift */,
				0293AA88226145D100E4B39A /* AppDetailsShowCell.swift */,
				0293AA8A2261B0F000E4B39A /* BaseCellViewModel.swift */,
			);
			path = Cell;
			sourceTree = "<group>";
		};
		7745939932AE0879FE263D3A /* Frameworks */ = {
			isa = PBXGroup;
			children = (
				FFC70DBC6D28934647E835AD /* Pods_MVVMExample.framework */,
				70D5AD0F6A52C1128C7A6644 /* Pods_MVVMExampleTests.framework */,
				3B972FC13DB1173AA9FE86F4 /* Pods_MVVMExampleUITests.framework */,
			);
			name = Frameworks;
			sourceTree = "<group>";
		};
		ACAB7101AFB17022C0A60082 /* Pods */ = {
			isa = PBXGroup;
			children = (
				DF8619F20A62B0E0E493E8ED /* Pods-MVVMExample.debug.xcconfig */,
				0AF724CB7633F19ACF683A18 /* Pods-MVVMExample.release.xcconfig */,
				451EC0742ED16B42EA2C9A81 /* Pods-MVVMExampleTests.debug.xcconfig */,
				C9CEBA422C5B16DBF660781F /* Pods-MVVMExampleTests.release.xcconfig */,
				D9E2E2A203AC636120784ABD /* Pods-MVVMExampleUITests.debug.xcconfig */,
				22715E57D5AC3A1E8E8EB802 /* Pods-MVVMExampleUITests.release.xcconfig */,
			);
			path = Pods;
			sourceTree = "<group>";
		};
/* End PBXGroup section */

/* Begin PBXNativeTarget section */
		0293A9F62261056D00E4B39A /* MVVMExample */ = {
			isa = PBXNativeTarget;
			buildConfigurationList = 0293AA1F2261057000E4B39A /* Build configuration list for PBXNativeTarget "MVVMExample" */;
			buildPhases = (
				602EFFB4AC2BFE6B5BE46CD8 /* [CP] Check Pods Manifest.lock */,
				0293A9F32261056D00E4B39A /* Sources */,
				0293A9F42261056D00E4B39A /* Frameworks */,
				0293A9F52261056D00E4B39A /* Resources */,
				194712CD579ED9D39CEB19FF /* [CP] Embed Pods Frameworks */,
			);
			buildRules = (
			);
			dependencies = (
			);
			name = MVVMExample;
			productName = MVVMExample;
			productReference = 0293A9F72261056D00E4B39A /* MVVMExample.app */;
			productType = "com.apple.product-type.application";
		};
		0293AA0A2261057000E4B39A /* MVVMExampleTests */ = {
			isa = PBXNativeTarget;
			buildConfigurationList = 0293AA222261057000E4B39A /* Build configuration list for PBXNativeTarget "MVVMExampleTests" */;
			buildPhases = (
				4446774767235E5B272EF48B /* [CP] Check Pods Manifest.lock */,
				0293AA072261057000E4B39A /* Sources */,
				0293AA082261057000E4B39A /* Frameworks */,
				0293AA092261057000E4B39A /* Resources */,
			);
			buildRules = (
			);
			dependencies = (
				0293AA0D2261057000E4B39A /* PBXTargetDependency */,
			);
			name = MVVMExampleTests;
			productName = MVVMExampleTests;
			productReference = 0293AA0B2261057000E4B39A /* MVVMExampleTests.xctest */;
			productType = "com.apple.product-type.bundle.unit-test";
		};
		0293AA152261057000E4B39A /* MVVMExampleUITests */ = {
			isa = PBXNativeTarget;
			buildConfigurationList = 0293AA252261057000E4B39A /* Build configuration list for PBXNativeTarget "MVVMExampleUITests" */;
			buildPhases = (
				1F11FB3A9E6DD8E7242F36BB /* [CP] Check Pods Manifest.lock */,
				0293AA122261057000E4B39A /* Sources */,
				0293AA132261057000E4B39A /* Frameworks */,
				0293AA142261057000E4B39A /* Resources */,
			);
			buildRules = (
			);
			dependencies = (
				0293AA182261057000E4B39A /* PBXTargetDependency */,
			);
			name = MVVMExampleUITests;
			productName = MVVMExampleUITests;
			productReference = 0293AA162261057000E4B39A /* MVVMExampleUITests.xctest */;
			productType = "com.apple.product-type.bundle.ui-testing";
		};
/* End PBXNativeTarget section */

/* Begin PBXProject section */
		0293A9EF2261056D00E4B39A /* Project object */ = {
			isa = PBXProject;
			attributes = {
				LastSwiftUpdateCheck = 1020;
				LastUpgradeCheck = 1020;
				ORGANIZATIONNAME = "Omar Almasri";
				TargetAttributes = {
					0293A9F62261056D00E4B39A = {
						CreatedOnToolsVersion = 10.2;
					};
					0293AA0A2261057000E4B39A = {
						CreatedOnToolsVersion = 10.2;
						TestTargetID = 0293A9F62261056D00E4B39A;
					};
					0293AA152261057000E4B39A = {
						CreatedOnToolsVersion = 10.2;
						TestTargetID = 0293A9F62261056D00E4B39A;
					};
				};
			};
			buildConfigurationList = 0293A9F22261056D00E4B39A /* Build configuration list for PBXProject "MVVMExample" */;
			compatibilityVersion = "Xcode 9.3";
			developmentRegion = en;
			hasScannedForEncodings = 0;
			knownRegions = (
				en,
				Base,
			);
			mainGroup = 0293A9EE2261056D00E4B39A;
			productRefGroup = 0293A9F82261056D00E4B39A /* Products */;
			projectDirPath = "";
			projectRoot = "";
			targets = (
				0293A9F62261056D00E4B39A /* MVVMExample */,
				0293AA0A2261057000E4B39A /* MVVMExampleTests */,
				0293AA152261057000E4B39A /* MVVMExampleUITests */,
			);
		};
/* End PBXProject section */

/* Begin PBXResourcesBuildPhase section */
		0293A9F52261056D00E4B39A /* Resources */ = {
			isa = PBXResourcesBuildPhase;
			buildActionMask = 2147483647;
			files = (
				0293AA052261057000E4B39A /* LaunchScreen.storyboard in Resources */,
				0293AA5A226119B400E4B39A /* AppCollectionViewCell.xib in Resources */,
				0293AA022261057000E4B39A /* Assets.xcassets in Resources */,
				0293AA002261056D00E4B39A /* Main.storyboard in Resources */,
			);
			runOnlyForDeploymentPostprocessing = 0;
		};
		0293AA092261057000E4B39A /* Resources */ = {
			isa = PBXResourcesBuildPhase;
			buildActionMask = 2147483647;
			files = (
			);
			runOnlyForDeploymentPostprocessing = 0;
		};
		0293AA142261057000E4B39A /* Resources */ = {
			isa = PBXResourcesBuildPhase;
			buildActionMask = 2147483647;
			files = (
			);
			runOnlyForDeploymentPostprocessing = 0;
		};
/* End PBXResourcesBuildPhase section */

/* Begin PBXShellScriptBuildPhase section */
		194712CD579ED9D39CEB19FF /* [CP] Embed Pods Frameworks */ = {
			isa = PBXShellScriptBuildPhase;
			buildActionMask = 2147483647;
			files = (
			);
			inputFileListPaths = (
			);
			inputPaths = (
				"${PODS_ROOT}/Target Support Files/Pods-MVVMExample/Pods-MVVMExample-frameworks.sh",
				"${BUILT_PRODUCTS_DIR}/AXPhotoViewer/AXPhotoViewer.framework",
				"${BUILT_PRODUCTS_DIR}/AXStateButton/AXStateButton.framework",
				"${BUILT_PRODUCTS_DIR}/Alamofire/Alamofire.framework",
				"${BUILT_PRODUCTS_DIR}/AlamofireNetworkActivityLogger/AlamofireNetworkActivityLogger.framework",
				"${BUILT_PRODUCTS_DIR}/AlamofireObjectMapper/AlamofireObjectMapper.framework",
				"${BUILT_PRODUCTS_DIR}/FLAnimatedImage/FLAnimatedImage.framework",
				"${BUILT_PRODUCTS_DIR}/ObjectMapper/ObjectMapper.framework",
				"${BUILT_PRODUCTS_DIR}/SDWebImage/SDWebImage.framework",
				"${BUILT_PRODUCTS_DIR}/UIColor_Hex_Swift/UIColor_Hex_Swift.framework",
			);
			name = "[CP] Embed Pods Frameworks";
			outputFileListPaths = (
			);
			outputPaths = (
				"${TARGET_BUILD_DIR}/${FRAMEWORKS_FOLDER_PATH}/AXPhotoViewer.framework",
				"${TARGET_BUILD_DIR}/${FRAMEWORKS_FOLDER_PATH}/AXStateButton.framework",
				"${TARGET_BUILD_DIR}/${FRAMEWORKS_FOLDER_PATH}/Alamofire.framework",
				"${TARGET_BUILD_DIR}/${FRAMEWORKS_FOLDER_PATH}/AlamofireNetworkActivityLogger.framework",
				"${TARGET_BUILD_DIR}/${FRAMEWORKS_FOLDER_PATH}/AlamofireObjectMapper.framework",
				"${TARGET_BUILD_DIR}/${FRAMEWORKS_FOLDER_PATH}/FLAnimatedImage.framework",
				"${TARGET_BUILD_DIR}/${FRAMEWORKS_FOLDER_PATH}/ObjectMapper.framework",
				"${TARGET_BUILD_DIR}/${FRAMEWORKS_FOLDER_PATH}/SDWebImage.framework",
				"${TARGET_BUILD_DIR}/${FRAMEWORKS_FOLDER_PATH}/UIColor_Hex_Swift.framework",
			);
			runOnlyForDeploymentPostprocessing = 0;
			shellPath = /bin/sh;
			shellScript = "\"${PODS_ROOT}/Target Support Files/Pods-MVVMExample/Pods-MVVMExample-frameworks.sh\"\n";
			showEnvVarsInLog = 0;
		};
		1F11FB3A9E6DD8E7242F36BB /* [CP] Check Pods Manifest.lock */ = {
			isa = PBXShellScriptBuildPhase;
			buildActionMask = 2147483647;
			files = (
			);
			inputFileListPaths = (
			);
			inputPaths = (
				"${PODS_PODFILE_DIR_PATH}/Podfile.lock",
				"${PODS_ROOT}/Manifest.lock",
			);
			name = "[CP] Check Pods Manifest.lock";
			outputFileListPaths = (
			);
			outputPaths = (
				"$(DERIVED_FILE_DIR)/Pods-MVVMExampleUITests-checkManifestLockResult.txt",
			);
			runOnlyForDeploymentPostprocessing = 0;
			shellPath = /bin/sh;
			shellScript = "diff \"${PODS_PODFILE_DIR_PATH}/Podfile.lock\" \"${PODS_ROOT}/Manifest.lock\" > /dev/null\nif [ $? != 0 ] ; then\n    # print error to STDERR\n    echo \"error: The sandbox is not in sync with the Podfile.lock. Run 'pod install' or update your CocoaPods installation.\" >&2\n    exit 1\nfi\n# This output is used by Xcode 'outputs' to avoid re-running this script phase.\necho \"SUCCESS\" > \"${SCRIPT_OUTPUT_FILE_0}\"\n";
			showEnvVarsInLog = 0;
		};
		4446774767235E5B272EF48B /* [CP] Check Pods Manifest.lock */ = {
			isa = PBXShellScriptBuildPhase;
			buildActionMask = 2147483647;
			files = (
			);
			inputFileListPaths = (
			);
			inputPaths = (
				"${PODS_PODFILE_DIR_PATH}/Podfile.lock",
				"${PODS_ROOT}/Manifest.lock",
			);
			name = "[CP] Check Pods Manifest.lock";
			outputFileListPaths = (
			);
			outputPaths = (
				"$(DERIVED_FILE_DIR)/Pods-MVVMExampleTests-checkManifestLockResult.txt",
			);
			runOnlyForDeploymentPostprocessing = 0;
			shellPath = /bin/sh;
			shellScript = "diff \"${PODS_PODFILE_DIR_PATH}/Podfile.lock\" \"${PODS_ROOT}/Manifest.lock\" > /dev/null\nif [ $? != 0 ] ; then\n    # print error to STDERR\n    echo \"error: The sandbox is not in sync with the Podfile.lock. Run 'pod install' or update your CocoaPods installation.\" >&2\n    exit 1\nfi\n# This output is used by Xcode 'outputs' to avoid re-running this script phase.\necho \"SUCCESS\" > \"${SCRIPT_OUTPUT_FILE_0}\"\n";
			showEnvVarsInLog = 0;
		};
		602EFFB4AC2BFE6B5BE46CD8 /* [CP] Check Pods Manifest.lock */ = {
			isa = PBXShellScriptBuildPhase;
			buildActionMask = 2147483647;
			files = (
			);
			inputFileListPaths = (
			);
			inputPaths = (
				"${PODS_PODFILE_DIR_PATH}/Podfile.lock",
				"${PODS_ROOT}/Manifest.lock",
			);
			name = "[CP] Check Pods Manifest.lock";
			outputFileListPaths = (
			);
			outputPaths = (
				"$(DERIVED_FILE_DIR)/Pods-MVVMExample-checkManifestLockResult.txt",
			);
			runOnlyForDeploymentPostprocessing = 0;
			shellPath = /bin/sh;
			shellScript = "diff \"${PODS_PODFILE_DIR_PATH}/Podfile.lock\" \"${PODS_ROOT}/Manifest.lock\" > /dev/null\nif [ $? != 0 ] ; then\n    # print error to STDERR\n    echo \"error: The sandbox is not in sync with the Podfile.lock. Run 'pod install' or update your CocoaPods installation.\" >&2\n    exit 1\nfi\n# This output is used by Xcode 'outputs' to avoid re-running this script phase.\necho \"SUCCESS\" > \"${SCRIPT_OUTPUT_FILE_0}\"\n";
			showEnvVarsInLog = 0;
		};
/* End PBXShellScriptBuildPhase section */

/* Begin PBXSourcesBuildPhase section */
		0293A9F32261056D00E4B39A /* Sources */ = {
			isa = PBXSourcesBuildPhase;
			buildActionMask = 2147483647;
			files = (
				0293AA4D226110FE00E4B39A /* Entry.swift in Sources */,
				0293AA8022613D7D00E4B39A /* AppDetailsView.swift in Sources */,
				0293AA47226110BE00E4B39A /* Feed.swift in Sources */,
				0293AA55226111A600E4B39A /* Link.swift in Sources */,
				0293AA4B226110EE00E4B39A /* GeneralDataContainer.swift in Sources */,
				0293AA512261113C00E4B39A /* ID.swift in Sources */,
				0293AA4422610C8800E4B39A /* TopAppsListService.swift in Sources */,
				0293AA4222610C8800E4B39A /* TopAppsListModel.swift in Sources */,
				0293AA5C22611A4000E4B39A /* AppCollectionViewCell.swift in Sources */,
				0293AA8222613D7D00E4B39A /* AppDetailsViewModel.swift in Sources */,
				0293AA49226110DC00E4B39A /* Author.swift in Sources */,
				0293AA872261457C00E4B39A /* AppDetailsSummaryCell.swift in Sources */,
				0293AA532261119300E4B39A /* Price.swift in Sources */,
				0293AA572261161000E4B39A /* AlertViewControllerProtocol.swift in Sources */,
				0293AA3022610AA700E4B39A /* Reach.swift in Sources */,
				0293AA4522610C8800E4B39A /* TopAppsListViewModel.swift in Sources */,
				0293AA852261452800E4B39A /* AppDetailsHeaderCell.swift in Sources */,
				0293AA4F2261111B00E4B39A /* Category.swift in Sources */,
				0293AA8B2261B0F000E4B39A /* BaseCellViewModel.swift in Sources */,
				0293AA7E22613D7D00E4B39A /* AppDetailsServiceProtocol.swift in Sources */,
				0293AA4122610C8800E4B39A /* TopAppsListServiceProtocol.swift in Sources */,
				0293AA4322610C8800E4B39A /* TopAppsListView.swift in Sources */,
				0293AA89226145D100E4B39A /* AppDetailsShowCell.swift in Sources */,
				0293A9FB2261056D00E4B39A /* AppDelegate.swift in Sources */,
				0293AA8122613D7D00E4B39A /* AppDetailsService.swift in Sources */,
			);
			runOnlyForDeploymentPostprocessing = 0;
		};
		0293AA072261057000E4B39A /* Sources */ = {
			isa = PBXSourcesBuildPhase;
			buildActionMask = 2147483647;
			files = (
				0293AA102261057000E4B39A /* MVVMExampleTests.swift in Sources */,
			);
			runOnlyForDeploymentPostprocessing = 0;
		};
		0293AA122261057000E4B39A /* Sources */ = {
			isa = PBXSourcesBuildPhase;
			buildActionMask = 2147483647;
			files = (
				0293AA1B2261057000E4B39A /* MVVMExampleUITests.swift in Sources */,
			);
			runOnlyForDeploymentPostprocessing = 0;
		};
/* End PBXSourcesBuildPhase section */

/* Begin PBXTargetDependency section */
		0293AA0D2261057000E4B39A /* PBXTargetDependency */ = {
			isa = PBXTargetDependency;
			target = 0293A9F62261056D00E4B39A /* MVVMExample */;
			targetProxy = 0293AA0C2261057000E4B39A /* PBXContainerItemProxy */;
		};
		0293AA182261057000E4B39A /* PBXTargetDependency */ = {
			isa = PBXTargetDependency;
			target = 0293A9F62261056D00E4B39A /* MVVMExample */;
			targetProxy = 0293AA172261057000E4B39A /* PBXContainerItemProxy */;
		};
/* End PBXTargetDependency section */

/* Begin PBXVariantGroup section */
		0293A9FE2261056D00E4B39A /* Main.storyboard */ = {
			isa = PBXVariantGroup;
			children = (
				0293A9FF2261056D00E4B39A /* Base */,
			);
			name = Main.storyboard;
			sourceTree = "<group>";
		};
		0293AA032261057000E4B39A /* LaunchScreen.storyboard */ = {
			isa = PBXVariantGroup;
			children = (
				0293AA042261057000E4B39A /* Base */,
			);
			name = LaunchScreen.storyboard;
			sourceTree = "<group>";
		};
/* End PBXVariantGroup section */

/* Begin XCBuildConfiguration section */
		0293AA1D2261057000E4B39A /* Debug */ = {
			isa = XCBuildConfiguration;
			buildSettings = {
				ALWAYS_SEARCH_USER_PATHS = NO;
				CLANG_ANALYZER_NONNULL = YES;
				CLANG_ANALYZER_NUMBER_OBJECT_CONVERSION = YES_AGGRESSIVE;
				CLANG_CXX_LANGUAGE_STANDARD = "gnu++14";
				CLANG_CXX_LIBRARY = "libc++";
				CLANG_ENABLE_MODULES = YES;
				CLANG_ENABLE_OBJC_ARC = YES;
				CLANG_ENABLE_OBJC_WEAK = YES;
				CLANG_WARN_BLOCK_CAPTURE_AUTORELEASING = YES;
				CLANG_WARN_BOOL_CONVERSION = YES;
				CLANG_WARN_COMMA = YES;
				CLANG_WARN_CONSTANT_CONVERSION = YES;
				CLANG_WARN_DEPRECATED_OBJC_IMPLEMENTATIONS = YES;
				CLANG_WARN_DIRECT_OBJC_ISA_USAGE = YES_ERROR;
				CLANG_WARN_DOCUMENTATION_COMMENTS = YES;
				CLANG_WARN_EMPTY_BODY = YES;
				CLANG_WARN_ENUM_CONVERSION = YES;
				CLANG_WARN_INFINITE_RECURSION = YES;
				CLANG_WARN_INT_CONVERSION = YES;
				CLANG_WARN_NON_LITERAL_NULL_CONVERSION = YES;
				CLANG_WARN_OBJC_IMPLICIT_RETAIN_SELF = YES;
				CLANG_WARN_OBJC_LITERAL_CONVERSION = YES;
				CLANG_WARN_OBJC_ROOT_CLASS = YES_ERROR;
				CLANG_WARN_RANGE_LOOP_ANALYSIS = YES;
				CLANG_WARN_STRICT_PROTOTYPES = YES;
				CLANG_WARN_SUSPICIOUS_MOVE = YES;
				CLANG_WARN_UNGUARDED_AVAILABILITY = YES_AGGRESSIVE;
				CLANG_WARN_UNREACHABLE_CODE = YES;
				CLANG_WARN__DUPLICATE_METHOD_MATCH = YES;
				CODE_SIGN_IDENTITY = "iPhone Developer";
				COPY_PHASE_STRIP = NO;
				DEBUG_INFORMATION_FORMAT = dwarf;
				ENABLE_STRICT_OBJC_MSGSEND = YES;
				ENABLE_TESTABILITY = YES;
				GCC_C_LANGUAGE_STANDARD = gnu11;
				GCC_DYNAMIC_NO_PIC = NO;
				GCC_NO_COMMON_BLOCKS = YES;
				GCC_OPTIMIZATION_LEVEL = 0;
				GCC_PREPROCESSOR_DEFINITIONS = (
					"DEBUG=1",
					"$(inherited)",
				);
				GCC_WARN_64_TO_32_BIT_CONVERSION = YES;
				GCC_WARN_ABOUT_RETURN_TYPE = YES_ERROR;
				GCC_WARN_UNDECLARED_SELECTOR = YES;
				GCC_WARN_UNINITIALIZED_AUTOS = YES_AGGRESSIVE;
				GCC_WARN_UNUSED_FUNCTION = YES;
				GCC_WARN_UNUSED_VARIABLE = YES;
				IPHONEOS_DEPLOYMENT_TARGET = 12.2;
				MTL_ENABLE_DEBUG_INFO = INCLUDE_SOURCE;
				MTL_FAST_MATH = YES;
				ONLY_ACTIVE_ARCH = YES;
				SDKROOT = iphoneos;
				SWIFT_ACTIVE_COMPILATION_CONDITIONS = DEBUG;
				SWIFT_OPTIMIZATION_LEVEL = "-Onone";
			};
			name = Debug;
		};
		0293AA1E2261057000E4B39A /* Release */ = {
			isa = XCBuildConfiguration;
			buildSettings = {
				ALWAYS_SEARCH_USER_PATHS = NO;
				CLANG_ANALYZER_NONNULL = YES;
				CLANG_ANALYZER_NUMBER_OBJECT_CONVERSION = YES_AGGRESSIVE;
				CLANG_CXX_LANGUAGE_STANDARD = "gnu++14";
				CLANG_CXX_LIBRARY = "libc++";
				CLANG_ENABLE_MODULES = YES;
				CLANG_ENABLE_OBJC_ARC = YES;
				CLANG_ENABLE_OBJC_WEAK = YES;
				CLANG_WARN_BLOCK_CAPTURE_AUTORELEASING = YES;
				CLANG_WARN_BOOL_CONVERSION = YES;
				CLANG_WARN_COMMA = YES;
				CLANG_WARN_CONSTANT_CONVERSION = YES;
				CLANG_WARN_DEPRECATED_OBJC_IMPLEMENTATIONS = YES;
				CLANG_WARN_DIRECT_OBJC_ISA_USAGE = YES_ERROR;
				CLANG_WARN_DOCUMENTATION_COMMENTS = YES;
				CLANG_WARN_EMPTY_BODY = YES;
				CLANG_WARN_ENUM_CONVERSION = YES;
				CLANG_WARN_INFINITE_RECURSION = YES;
				CLANG_WARN_INT_CONVERSION = YES;
				CLANG_WARN_NON_LITERAL_NULL_CONVERSION = YES;
				CLANG_WARN_OBJC_IMPLICIT_RETAIN_SELF = YES;
				CLANG_WARN_OBJC_LITERAL_CONVERSION = YES;
				CLANG_WARN_OBJC_ROOT_CLASS = YES_ERROR;
				CLANG_WARN_RANGE_LOOP_ANALYSIS = YES;
				CLANG_WARN_STRICT_PROTOTYPES = YES;
				CLANG_WARN_SUSPICIOUS_MOVE = YES;
				CLANG_WARN_UNGUARDED_AVAILABILITY = YES_AGGRESSIVE;
				CLANG_WARN_UNREACHABLE_CODE = YES;
				CLANG_WARN__DUPLICATE_METHOD_MATCH = YES;
				CODE_SIGN_IDENTITY = "iPhone Developer";
				COPY_PHASE_STRIP = NO;
				DEBUG_INFORMATION_FORMAT = "dwarf-with-dsym";
				ENABLE_NS_ASSERTIONS = NO;
				ENABLE_STRICT_OBJC_MSGSEND = YES;
				GCC_C_LANGUAGE_STANDARD = gnu11;
				GCC_NO_COMMON_BLOCKS = YES;
				GCC_WARN_64_TO_32_BIT_CONVERSION = YES;
				GCC_WARN_ABOUT_RETURN_TYPE = YES_ERROR;
				GCC_WARN_UNDECLARED_SELECTOR = YES;
				GCC_WARN_UNINITIALIZED_AUTOS = YES_AGGRESSIVE;
				GCC_WARN_UNUSED_FUNCTION = YES;
				GCC_WARN_UNUSED_VARIABLE = YES;
				IPHONEOS_DEPLOYMENT_TARGET = 12.2;
				MTL_ENABLE_DEBUG_INFO = NO;
				MTL_FAST_MATH = YES;
				SDKROOT = iphoneos;
				SWIFT_COMPILATION_MODE = wholemodule;
				SWIFT_OPTIMIZATION_LEVEL = "-O";
				VALIDATE_PRODUCT = YES;
			};
			name = Release;
		};
		0293AA202261057000E4B39A /* Debug */ = {
			isa = XCBuildConfiguration;
			baseConfigurationReference = DF8619F20A62B0E0E493E8ED /* Pods-MVVMExample.debug.xcconfig */;
			buildSettings = {
				ASSETCATALOG_COMPILER_APPICON_NAME = AppIcon;
				CODE_SIGN_STYLE = Automatic;
				DEVELOPMENT_TEAM = P78RKU833J;
				INFOPLIST_FILE = MVVMExample/Info.plist;
				LD_RUNPATH_SEARCH_PATHS = (
					"$(inherited)",
					"@executable_path/Frameworks",
				);
				PRODUCT_BUNDLE_IDENTIFIER = Omar.MVVMExample;
				PRODUCT_NAME = "$(TARGET_NAME)";
				SWIFT_VERSION = 5.0;
				TARGETED_DEVICE_FAMILY = 1;
			};
			name = Debug;
		};
		0293AA212261057000E4B39A /* Release */ = {
			isa = XCBuildConfiguration;
			baseConfigurationReference = 0AF724CB7633F19ACF683A18 /* Pods-MVVMExample.release.xcconfig */;
			buildSettings = {
				ASSETCATALOG_COMPILER_APPICON_NAME = AppIcon;
				CODE_SIGN_STYLE = Automatic;
				DEVELOPMENT_TEAM = P78RKU833J;
				INFOPLIST_FILE = MVVMExample/Info.plist;
				LD_RUNPATH_SEARCH_PATHS = (
					"$(inherited)",
					"@executable_path/Frameworks",
				);
				PRODUCT_BUNDLE_IDENTIFIER = Omar.MVVMExample;
				PRODUCT_NAME = "$(TARGET_NAME)";
				SWIFT_VERSION = 5.0;
				TARGETED_DEVICE_FAMILY = 1;
			};
			name = Release;
		};
		0293AA232261057000E4B39A /* Debug */ = {
			isa = XCBuildConfiguration;
			baseConfigurationReference = 451EC0742ED16B42EA2C9A81 /* Pods-MVVMExampleTests.debug.xcconfig */;
			buildSettings = {
				ALWAYS_EMBED_SWIFT_STANDARD_LIBRARIES = YES;
				BUNDLE_LOADER = "$(TEST_HOST)";
				CODE_SIGN_STYLE = Automatic;
				DEVELOPMENT_TEAM = P78RKU833J;
				INFOPLIST_FILE = MVVMExampleTests/Info.plist;
				LD_RUNPATH_SEARCH_PATHS = (
					"$(inherited)",
					"@executable_path/Frameworks",
					"@loader_path/Frameworks",
				);
				PRODUCT_BUNDLE_IDENTIFIER = Omar.MVVMExampleTests;
				PRODUCT_NAME = "$(TARGET_NAME)";
				SWIFT_VERSION = 5.0;
				TARGETED_DEVICE_FAMILY = "1,2";
				TEST_HOST = "$(BUILT_PRODUCTS_DIR)/MVVMExample.app/MVVMExample";
			};
			name = Debug;
		};
		0293AA242261057000E4B39A /* Release */ = {
			isa = XCBuildConfiguration;
			baseConfigurationReference = C9CEBA422C5B16DBF660781F /* Pods-MVVMExampleTests.release.xcconfig */;
			buildSettings = {
				ALWAYS_EMBED_SWIFT_STANDARD_LIBRARIES = YES;
				BUNDLE_LOADER = "$(TEST_HOST)";
				CODE_SIGN_STYLE = Automatic;
				DEVELOPMENT_TEAM = P78RKU833J;
				INFOPLIST_FILE = MVVMExampleTests/Info.plist;
				LD_RUNPATH_SEARCH_PATHS = (
					"$(inherited)",
					"@executable_path/Frameworks",
					"@loader_path/Frameworks",
				);
				PRODUCT_BUNDLE_IDENTIFIER = Omar.MVVMExampleTests;
				PRODUCT_NAME = "$(TARGET_NAME)";
				SWIFT_VERSION = 5.0;
				TARGETED_DEVICE_FAMILY = "1,2";
				TEST_HOST = "$(BUILT_PRODUCTS_DIR)/MVVMExample.app/MVVMExample";
			};
			name = Release;
		};
		0293AA262261057000E4B39A /* Debug */ = {
			isa = XCBuildConfiguration;
			baseConfigurationReference = D9E2E2A203AC636120784ABD /* Pods-MVVMExampleUITests.debug.xcconfig */;
			buildSettings = {
				ALWAYS_EMBED_SWIFT_STANDARD_LIBRARIES = YES;
				CODE_SIGN_STYLE = Automatic;
				DEVELOPMENT_TEAM = P78RKU833J;
				INFOPLIST_FILE = MVVMExampleUITests/Info.plist;
				LD_RUNPATH_SEARCH_PATHS = (
					"$(inherited)",
					"@executable_path/Frameworks",
					"@loader_path/Frameworks",
				);
				PRODUCT_BUNDLE_IDENTIFIER = Omar.MVVMExampleUITests;
				PRODUCT_NAME = "$(TARGET_NAME)";
				SWIFT_VERSION = 5.0;
				TARGETED_DEVICE_FAMILY = "1,2";
				TEST_TARGET_NAME = MVVMExample;
			};
			name = Debug;
		};
		0293AA272261057000E4B39A /* Release */ = {
			isa = XCBuildConfiguration;
			baseConfigurationReference = 22715E57D5AC3A1E8E8EB802 /* Pods-MVVMExampleUITests.release.xcconfig */;
			buildSettings = {
				ALWAYS_EMBED_SWIFT_STANDARD_LIBRARIES = YES;
				CODE_SIGN_STYLE = Automatic;
				DEVELOPMENT_TEAM = P78RKU833J;
				INFOPLIST_FILE = MVVMExampleUITests/Info.plist;
				LD_RUNPATH_SEARCH_PATHS = (
					"$(inherited)",
					"@executable_path/Frameworks",
					"@loader_path/Frameworks",
				);
				PRODUCT_BUNDLE_IDENTIFIER = Omar.MVVMExampleUITests;
				PRODUCT_NAME = "$(TARGET_NAME)";
				SWIFT_VERSION = 5.0;
				TARGETED_DEVICE_FAMILY = "1,2";
				TEST_TARGET_NAME = MVVMExample;
			};
			name = Release;
		};
/* End XCBuildConfiguration section */

/* Begin XCConfigurationList section */
		0293A9F22261056D00E4B39A /* Build configuration list for PBXProject "MVVMExample" */ = {
			isa = XCConfigurationList;
			buildConfigurations = (
				0293AA1D2261057000E4B39A /* Debug */,
				0293AA1E2261057000E4B39A /* Release */,
			);
			defaultConfigurationIsVisible = 0;
			defaultConfigurationName = Release;
		};
		0293AA1F2261057000E4B39A /* Build configuration list for PBXNativeTarget "MVVMExample" */ = {
			isa = XCConfigurationList;
			buildConfigurations = (
				0293AA202261057000E4B39A /* Debug */,
				0293AA212261057000E4B39A /* Release */,
			);
			defaultConfigurationIsVisible = 0;
			defaultConfigurationName = Release;
		};
		0293AA222261057000E4B39A /* Build configuration list for PBXNativeTarget "MVVMExampleTests" */ = {
			isa = XCConfigurationList;
			buildConfigurations = (
				0293AA232261057000E4B39A /* Debug */,
				0293AA242261057000E4B39A /* Release */,
			);
			defaultConfigurationIsVisible = 0;
			defaultConfigurationName = Release;
		};
		0293AA252261057000E4B39A /* Build configuration list for PBXNativeTarget "MVVMExampleUITests" */ = {
			isa = XCConfigurationList;
			buildConfigurations = (
				0293AA262261057000E4B39A /* Debug */,
				0293AA272261057000E4B39A /* Release */,
			);
			defaultConfigurationIsVisible = 0;
			defaultConfigurationName = Release;
		};
/* End XCConfigurationList section */
	};
	rootObject = 0293A9EF2261056D00E4B39A /* Project object */;
}
